
Microsoft Visual Studio Solution File, Format Version 12.00
# Visual Studio Version 16
VisualStudioVersion = 16.0.30523.141
MinimumVisualStudioVersion = 10.0.40219.1
Project("{FAE04EC0-301F-11D3-BF4B-00C04F79EFBC}") = "Iscu_Paula_Lab6", "Iscu_Paula_Lab6.csproj", "{E4B46927-A083-4F59-AF0F-1A1F10835D9E}"
EndProject
Project("{FAE04EC0-301F-11D3-BF4B-00C04F79EFBC}") = "AutoLotModel2", "..\AutoLotModel2\AutoLotModel2.csproj", "{D1B6DE29-493D-4A16-8897-A438A3A2DACA}"
EndProject
Global
	GlobalSection(SolutionConfigurationPlatforms) = preSolution
		Debug|Any CPU = Debug|Any CPU
		Release|Any CPU = Release|Any CPU
	EndGlobalSection
	GlobalSection(ProjectConfigurationPlatforms) = postSolution
		{E4B46927-A083-4F59-AF0F-1A1F10835D9E}.Debug|Any CPU.ActiveCfg = Debug|Any CPU
		{E4B46927-A083-4F59-AF0F-1A1F10835D9E}.Debug|Any CPU.Build.0 = Debug|Any CPU
		{E4B46927-A083-4F59-AF0F-1A1F10835D9E}.Release|Any CPU.ActiveCfg = Release|Any CPU
		{E4B46927-A083-4F59-AF0F-1A1F10835D9E}.Release|Any CPU.Build.0 = Release|Any CPU
		{D1B6DE29-493D-4A16-8897-A438A3A2DACA}.Debug|Any CPU.ActiveCfg = Debug|Any CPU
		{D1B6DE29-493D-4A16-8897-A438A3A2DACA}.Debug|Any CPU.Build.0 = Debug|Any CPU
		{D1B6DE29-493D-4A16-8897-A438A3A2DACA}.Release|Any CPU.ActiveCfg = Release|Any CPU
		{D1B6DE29-493D-4A16-8897-A438A3A2DACA}.Release|Any CPU.Build.0 = Release|Any CPU
	EndGlobalSection
	GlobalSection(SolutionProperties) = preSolution
		HideSolutionNode = FALSE
	EndGlobalSection
	GlobalSection(ExtensibilityGlobals) = postSolution
		SolutionGuid = {C578C690-6EE0-4C73-B1D5-DBF49D2582CF}
	EndGlobalSection
EndGlobal
